
Microsoft Visual Studio Solution File, Format Version 12.00
# Visual Studio Version 16
VisualStudioVersion = 16.0.29326.143
MinimumVisualStudioVersion = 10.0.40219.1
Project("{FAE04EC0-301F-11D3-BF4B-00C04F79EFBC}") = "DixonBriones3A_Trabajo3", "DixonBriones3A_Trabajo3\DixonBriones3A_Trabajo3.csproj", "{7F43C44F-6868-4255-8CCE-C4DA13C402E8}"
EndProject
Global
	GlobalSection(SolutionConfigurationPlatforms) = preSolution
		Debug|Any CPU = Debug|Any CPU
		Release|Any CPU = Release|Any CPU
	EndGlobalSection
	GlobalSection(ProjectConfigurationPlatforms) = postSolution
		{7F43C44F-6868-4255-8CCE-C4DA13C402E8}.Debug|Any CPU.ActiveCfg = Debug|Any CPU
		{7F43C44F-6868-4255-8CCE-C4DA13C402E8}.Debug|Any CPU.Build.0 = Debug|Any CPU
		{7F43C44F-6868-4255-8CCE-C4DA13C402E8}.Release|Any CPU.ActiveCfg = Release|Any CPU
		{7F43C44F-6868-4255-8CCE-C4DA13C402E8}.Release|Any CPU.Build.0 = Release|Any CPU
	EndGlobalSection
	GlobalSection(SolutionProperties) = preSolution
		HideSolutionNode = FALSE
	EndGlobalSection
	GlobalSection(ExtensibilityGlobals) = postSolution
		SolutionGuid = {67A98DD4-4756-4E35-95D2-FBFA8B6BB642}
	EndGlobalSection
EndGlobal
